
Microsoft Visual Studio Solution File, Format Version 12.00
# Visual Studio 2012
Project("{FAE04EC0-301F-11D3-BF4B-00C04F79EFBC}") = "LONG.Web", "LONG.Web\LONG.Web.csproj", "{BF4580B9-E4DD-4CA9-8FBC-4841CE33C3CD}"
EndProject
Project("{2150E333-8FDC-42A3-9474-1A3956D46DE8}") = "LONG.Net", "LONG.Net", "{3683F634-5328-4EE2-A80C-F67DB8F481DA}"
EndProject
Project("{FAE04EC0-301F-11D3-BF4B-00C04F79EFBC}") = "LONG.Core", "LONG.Net\LONG.Core\LONG.Core.csproj", "{DE2F2D2D-18C3-43F6-A88E-8B4C53D09305}"
EndProject
Project("{FAE04EC0-301F-11D3-BF4B-00C04F79EFBC}") = "LONG.Data", "LONG.Net\LONG.Data\LONG.Data.csproj", "{2617C2A8-353B-4643-B67B-C1FF5EE0A4A8}"
EndProject
Project("{FAE04EC0-301F-11D3-BF4B-00C04F79EFBC}") = "LONG.Generator", "LONG.Net\LONG.Generator\LONG.Generator.csproj", "{78BC232E-D8C9-4FA0-9651-6CAB79200CBB}"
EndProject
Project("{FAE04EC0-301F-11D3-BF4B-00C04F79EFBC}") = "LONG.Utils", "LONG.Net\LONG.Utils\LONG.Utils.csproj", "{29BA46E1-FECD-4B9F-9EF5-35EDC7667AC0}"
EndProject
Project("{FAE04EC0-301F-11D3-BF4B-00C04F79EFBC}") = "LONG.WorkFlow", "LONG.Net\LONG.WorkFlow\LONG.WorkFlow.csproj", "{53937EBE-14DB-450D-B325-E1E263F1616C}"
EndProject
Project("{FAE04EC0-301F-11D3-BF4B-00C04F79EFBC}") = "LONG.Bussiness", "LONG.Net\LONG.Bussiness\LONG.Bussiness.csproj", "{08E272FE-FF6C-49C4-AC5A-0277A4E8962F}"
EndProject
Project("{FAE04EC0-301F-11D3-BF4B-00C04F79EFBC}") = "LONG.DataAccess", "LONG.Net\LONG.DataAccess\LONG.DataAccess.csproj", "{7D3793D2-D778-4DD4-8B13-CA7C3E881A84}"
EndProject
Project("{FAE04EC0-301F-11D3-BF4B-00C04F79EFBC}") = "LONG.Tags", "LONG.Net\LONG.Tags\LONG.Tags.csproj", "{31E23FB2-8B6B-4531-95E8-2CA0038B09BA}"
EndProject
Project("{FAE04EC0-301F-11D3-BF4B-00C04F79EFBC}") = "LONG.Command", "LONG.Net\LONG.Command\LONG.Command.csproj", "{C0D09E01-DFBF-4AB0-9CBF-93B83E944CE1}"
EndProject
Project("{FAE04EC0-301F-11D3-BF4B-00C04F79EFBC}") = "LONG.Helper", "LONG.Net\LONG.Helper\LONG.Helper.csproj", "{1FE3A09A-938D-4BDA-8DAD-C07B5875D0C1}"
EndProject
Global
	GlobalSection(SolutionConfigurationPlatforms) = preSolution
		Debug|Any CPU = Debug|Any CPU
		Release|Any CPU = Release|Any CPU
	EndGlobalSection
	GlobalSection(ProjectConfigurationPlatforms) = postSolution
		{BF4580B9-E4DD-4CA9-8FBC-4841CE33C3CD}.Debug|Any CPU.ActiveCfg = Debug|Any CPU
		{BF4580B9-E4DD-4CA9-8FBC-4841CE33C3CD}.Debug|Any CPU.Build.0 = Debug|Any CPU
		{BF4580B9-E4DD-4CA9-8FBC-4841CE33C3CD}.Release|Any CPU.ActiveCfg = Release|Any CPU
		{BF4580B9-E4DD-4CA9-8FBC-4841CE33C3CD}.Release|Any CPU.Build.0 = Release|Any CPU
		{DE2F2D2D-18C3-43F6-A88E-8B4C53D09305}.Debug|Any CPU.ActiveCfg = Debug|Any CPU
		{DE2F2D2D-18C3-43F6-A88E-8B4C53D09305}.Debug|Any CPU.Build.0 = Debug|Any CPU
		{DE2F2D2D-18C3-43F6-A88E-8B4C53D09305}.Release|Any CPU.ActiveCfg = Release|Any CPU
		{DE2F2D2D-18C3-43F6-A88E-8B4C53D09305}.Release|Any CPU.Build.0 = Release|Any CPU
		{2617C2A8-353B-4643-B67B-C1FF5EE0A4A8}.Debug|Any CPU.ActiveCfg = Debug|Any CPU
		{2617C2A8-353B-4643-B67B-C1FF5EE0A4A8}.Debug|Any CPU.Build.0 = Debug|Any CPU
		{2617C2A8-353B-4643-B67B-C1FF5EE0A4A8}.Release|Any CPU.ActiveCfg = Release|Any CPU
		{2617C2A8-353B-4643-B67B-C1FF5EE0A4A8}.Release|Any CPU.Build.0 = Release|Any CPU
		{78BC232E-D8C9-4FA0-9651-6CAB79200CBB}.Debug|Any CPU.ActiveCfg = Debug|Any CPU
		{78BC232E-D8C9-4FA0-9651-6CAB79200CBB}.Debug|Any CPU.Build.0 = Debug|Any CPU
		{78BC232E-D8C9-4FA0-9651-6CAB79200CBB}.Release|Any CPU.ActiveCfg = Release|Any CPU
		{78BC232E-D8C9-4FA0-9651-6CAB79200CBB}.Release|Any CPU.Build.0 = Release|Any CPU
		{29BA46E1-FECD-4B9F-9EF5-35EDC7667AC0}.Debug|Any CPU.ActiveCfg = Debug|Any CPU
		{29BA46E1-FECD-4B9F-9EF5-35EDC7667AC0}.Debug|Any CPU.Build.0 = Debug|Any CPU
		{29BA46E1-FECD-4B9F-9EF5-35EDC7667AC0}.Release|Any CPU.ActiveCfg = Release|Any CPU
		{29BA46E1-FECD-4B9F-9EF5-35EDC7667AC0}.Release|Any CPU.Build.0 = Release|Any CPU
		{53937EBE-14DB-450D-B325-E1E263F1616C}.Debug|Any CPU.ActiveCfg = Debug|Any CPU
		{53937EBE-14DB-450D-B325-E1E263F1616C}.Debug|Any CPU.Build.0 = Debug|Any CPU
		{53937EBE-14DB-450D-B325-E1E263F1616C}.Release|Any CPU.ActiveCfg = Release|Any CPU
		{53937EBE-14DB-450D-B325-E1E263F1616C}.Release|Any CPU.Build.0 = Release|Any CPU
		{08E272FE-FF6C-49C4-AC5A-0277A4E8962F}.Debug|Any CPU.ActiveCfg = Debug|Any CPU
		{08E272FE-FF6C-49C4-AC5A-0277A4E8962F}.Debug|Any CPU.Build.0 = Debug|Any CPU
		{08E272FE-FF6C-49C4-AC5A-0277A4E8962F}.Release|Any CPU.ActiveCfg = Release|Any CPU
		{08E272FE-FF6C-49C4-AC5A-0277A4E8962F}.Release|Any CPU.Build.0 = Release|Any CPU
		{7D3793D2-D778-4DD4-8B13-CA7C3E881A84}.Debug|Any CPU.ActiveCfg = Debug|Any CPU
		{7D3793D2-D778-4DD4-8B13-CA7C3E881A84}.Debug|Any CPU.Build.0 = Debug|Any CPU
		{7D3793D2-D778-4DD4-8B13-CA7C3E881A84}.Release|Any CPU.ActiveCfg = Release|Any CPU
		{7D3793D2-D778-4DD4-8B13-CA7C3E881A84}.Release|Any CPU.Build.0 = Release|Any CPU
		{31E23FB2-8B6B-4531-95E8-2CA0038B09BA}.Debug|Any CPU.ActiveCfg = Debug|Any CPU
		{31E23FB2-8B6B-4531-95E8-2CA0038B09BA}.Debug|Any CPU.Build.0 = Debug|Any CPU
		{31E23FB2-8B6B-4531-95E8-2CA0038B09BA}.Release|Any CPU.ActiveCfg = Release|Any CPU
		{31E23FB2-8B6B-4531-95E8-2CA0038B09BA}.Release|Any CPU.Build.0 = Release|Any CPU
		{C0D09E01-DFBF-4AB0-9CBF-93B83E944CE1}.Debug|Any CPU.ActiveCfg = Debug|Any CPU
		{C0D09E01-DFBF-4AB0-9CBF-93B83E944CE1}.Debug|Any CPU.Build.0 = Debug|Any CPU
		{C0D09E01-DFBF-4AB0-9CBF-93B83E944CE1}.Release|Any CPU.ActiveCfg = Release|Any CPU
		{C0D09E01-DFBF-4AB0-9CBF-93B83E944CE1}.Release|Any CPU.Build.0 = Release|Any CPU
		{1FE3A09A-938D-4BDA-8DAD-C07B5875D0C1}.Debug|Any CPU.ActiveCfg = Debug|Any CPU
		{1FE3A09A-938D-4BDA-8DAD-C07B5875D0C1}.Debug|Any CPU.Build.0 = Debug|Any CPU
		{1FE3A09A-938D-4BDA-8DAD-C07B5875D0C1}.Release|Any CPU.ActiveCfg = Release|Any CPU
		{1FE3A09A-938D-4BDA-8DAD-C07B5875D0C1}.Release|Any CPU.Build.0 = Release|Any CPU
	EndGlobalSection
	GlobalSection(SolutionProperties) = preSolution
		HideSolutionNode = FALSE
	EndGlobalSection
	GlobalSection(NestedProjects) = preSolution
		{DE2F2D2D-18C3-43F6-A88E-8B4C53D09305} = {3683F634-5328-4EE2-A80C-F67DB8F481DA}
		{2617C2A8-353B-4643-B67B-C1FF5EE0A4A8} = {3683F634-5328-4EE2-A80C-F67DB8F481DA}
		{78BC232E-D8C9-4FA0-9651-6CAB79200CBB} = {3683F634-5328-4EE2-A80C-F67DB8F481DA}
		{29BA46E1-FECD-4B9F-9EF5-35EDC7667AC0} = {3683F634-5328-4EE2-A80C-F67DB8F481DA}
		{53937EBE-14DB-450D-B325-E1E263F1616C} = {3683F634-5328-4EE2-A80C-F67DB8F481DA}
		{08E272FE-FF6C-49C4-AC5A-0277A4E8962F} = {3683F634-5328-4EE2-A80C-F67DB8F481DA}
		{7D3793D2-D778-4DD4-8B13-CA7C3E881A84} = {3683F634-5328-4EE2-A80C-F67DB8F481DA}
		{31E23FB2-8B6B-4531-95E8-2CA0038B09BA} = {3683F634-5328-4EE2-A80C-F67DB8F481DA}
		{C0D09E01-DFBF-4AB0-9CBF-93B83E944CE1} = {3683F634-5328-4EE2-A80C-F67DB8F481DA}
		{1FE3A09A-938D-4BDA-8DAD-C07B5875D0C1} = {3683F634-5328-4EE2-A80C-F67DB8F481DA}
	EndGlobalSection
EndGlobal
